// !$*UTF8*$!
{
	archiveVersion = 1;
	classes = {
	};
	objectVersion = 48;
	objects = {

/* Begin PBXBuildFile section */
		6715123D2123008500B08323 /* JPXFirstUIView.m in Sources */ = {isa = PBXBuildFile; fileRef = 6715123C2123008500B08323 /* JPXFirstUIView.m */; };
		6715124321230E2600B08323 /* JPXSecondUIView.m in Sources */ = {isa = PBXBuildFile; fileRef = 6715124221230E2600B08323 /* JPXSecondUIView.m */; };
		671AEAA921217F20006D54AA /* AppDelegate.m in Sources */ = {isa = PBXBuildFile; fileRef = 671AEAA821217F20006D54AA /* AppDelegate.m */; };
		671AEAAC21217F20006D54AA /* ViewController.m in Sources */ = {isa = PBXBuildFile; fileRef = 671AEAAB21217F20006D54AA /* ViewController.m */; };
		671AEAAF21217F20006D54AA /* Main.storyboard in Resources */ = {isa = PBXBuildFile; fileRef = 671AEAAD21217F20006D54AA /* Main.storyboard */; };
		671AEAB121217F20006D54AA /* Assets.xcassets in Resources */ = {isa = PBXBuildFile; fileRef = 671AEAB021217F20006D54AA /* Assets.xcassets */; };
		671AEAB421217F20006D54AA /* LaunchScreen.storyboard in Resources */ = {isa = PBXBuildFile; fileRef = 671AEAB221217F20006D54AA /* LaunchScreen.storyboard */; };
		671AEAB721217F20006D54AA /* main.m in Sources */ = {isa = PBXBuildFile; fileRef = 671AEAB621217F20006D54AA /* main.m */; };
		671AEAC121217F20006D54AA /* ________1Tests.m in Sources */ = {isa = PBXBuildFile; fileRef = 671AEAC021217F20006D54AA /* ________1Tests.m */; };
		671AEACC21217F20006D54AA /* ________1UITests.m in Sources */ = {isa = PBXBuildFile; fileRef = 671AEACB21217F20006D54AA /* ________1UITests.m */; };
		671AEADA21219E67006D54AA /* 1.jpg in Resources */ = {isa = PBXBuildFile; fileRef = 671AEAD921219E66006D54AA /* 1.jpg */; };
		671AEADC2121AF0A006D54AA /* 1.png in Resources */ = {isa = PBXBuildFile; fileRef = 671AEADB2121AF09006D54AA /* 1.png */; };
		671AEADF2121B7C1006D54AA /* searchViewController.m in Sources */ = {isa = PBXBuildFile; fileRef = 671AEADE2121B7C1006D54AA /* searchViewController.m */; };
		671AEB212121BEEB006D54AA /* 54,.png in Resources */ = {isa = PBXBuildFile; fileRef = 671AEB202121BEEA006D54AA /* 54,.png */; };
		67511679212289B00040B70B /* FirstCellWeatherViewController.m in Sources */ = {isa = PBXBuildFile; fileRef = 67511678212289B00040B70B /* FirstCellWeatherViewController.m */; };
		6751167F2122C6B50040B70B /* 4.jpg in Resources */ = {isa = PBXBuildFile; fileRef = 6751167B2122C6B40040B70B /* 4.jpg */; };
		675116802122C6B50040B70B /* 2.jpg in Resources */ = {isa = PBXBuildFile; fileRef = 6751167C2122C6B40040B70B /* 2.jpg */; };
		675116812122C6B50040B70B /* 3.jpg in Resources */ = {isa = PBXBuildFile; fileRef = 6751167D2122C6B40040B70B /* 3.jpg */; };
		675116822122C6B50040B70B /* 5.jpg in Resources */ = {isa = PBXBuildFile; fileRef = 6751167E2122C6B40040B70B /* 5.jpg */; };
		675116852122F8A60040B70B /* MainViewController.m in Sources */ = {isa = PBXBuildFile; fileRef = 675116842122F8A60040B70B /* MainViewController.m */; };
		6752ADA321245FD70096E524 /* cond-icon-heweather in Resources */ = {isa = PBXBuildFile; fileRef = 6752ADA221245FD60096E524 /* cond-icon-heweather */; };
/* End PBXBuildFile section */

/* Begin PBXContainerItemProxy section */
		671AEABD21217F20006D54AA /* PBXContainerItemProxy */ = {
			isa = PBXContainerItemProxy;
			containerPortal = 671AEA9C21217F20006D54AA /* Project object */;
			proxyType = 1;
			remoteGlobalIDString = 671AEAA321217F20006D54AA;
			remoteInfo = "天气预报 正式 1";
		};
		671AEAC821217F20006D54AA /* PBXContainerItemProxy */ = {
			isa = PBXContainerItemProxy;
			containerPortal = 671AEA9C21217F20006D54AA /* Project object */;
			proxyType = 1;
			remoteGlobalIDString = 671AEAA321217F20006D54AA;
			remoteInfo = "天气预报 正式 1";
		};
/* End PBXContainerItemProxy section */

/* Begin PBXFileReference section */
		6715123B2123008500B08323 /* JPXFirstUIView.h */ = {isa = PBXFileReference; lastKnownFileType = sourcecode.c.h; path = JPXFirstUIView.h; sourceTree = "<group>"; };
		6715123C2123008500B08323 /* JPXFirstUIView.m */ = {isa = PBXFileReference; lastKnownFileType = sourcecode.c.objc; path = JPXFirstUIView.m; sourceTree = "<group>"; };
		6715124121230E2600B08323 /* JPXSecondUIView.h */ = {isa = PBXFileReference; lastKnownFileType = sourcecode.c.h; path = JPXSecondUIView.h; sourceTree = "<group>"; };
		6715124221230E2600B08323 /* JPXSecondUIView.m */ = {isa = PBXFileReference; lastKnownFileType = sourcecode.c.objc; path = JPXSecondUIView.m; sourceTree = "<group>"; };
		671AEAA421217F20006D54AA /* 天气预报 正式 1.app */ = {isa = PBXFileReference; explicitFileType = wrapper.application; includeInIndex = 0; path = "天气预报 正式 1.app"; sourceTree = BUILT_PRODUCTS_DIR; };
		671AEAA721217F20006D54AA /* AppDelegate.h */ = {isa = PBXFileReference; lastKnownFileType = sourcecode.c.h; path = AppDelegate.h; sourceTree = "<group>"; };
		671AEAA821217F20006D54AA /* AppDelegate.m */ = {isa = PBXFileReference; lastKnownFileType = sourcecode.c.objc; path = AppDelegate.m; sourceTree = "<group>"; };
		671AEAAA21217F20006D54AA /* ViewController.h */ = {isa = PBXFileReference; lastKnownFileType = sourcecode.c.h; path = ViewController.h; sourceTree = "<group>"; };
		671AEAAB21217F20006D54AA /* ViewController.m */ = {isa = PBXFileReference; lastKnownFileType = sourcecode.c.objc; path = ViewController.m; sourceTree = "<group>"; };
		671AEAAE21217F20006D54AA /* Base */ = {isa = PBXFileReference; lastKnownFileType = file.storyboard; name = Base; path = Base.lproj/Main.storyboard; sourceTree = "<group>"; };
		671AEAB021217F20006D54AA /* Assets.xcassets */ = {isa = PBXFileReference; lastKnownFileType = folder.assetcatalog; path = Assets.xcassets; sourceTree = "<group>"; };
		671AEAB321217F20006D54AA /* Base */ = {isa = PBXFileReference; lastKnownFileType = file.storyboard; name = Base; path = Base.lproj/LaunchScreen.storyboard; sourceTree = "<group>"; };
		671AEAB521217F20006D54AA /* Info.plist */ = {isa = PBXFileReference; lastKnownFileType = text.plist.xml; path = Info.plist; sourceTree = "<group>"; };
		671AEAB621217F20006D54AA /* main.m */ = {isa = PBXFileReference; lastKnownFileType = sourcecode.c.objc; path = main.m; sourceTree = "<group>"; };
		671AEABC21217F20006D54AA /* 天气预报 正式 1Tests.xctest */ = {isa = PBXFileReference; explicitFileType = wrapper.cfbundle; includeInIndex = 0; path = "天气预报 正式 1Tests.xctest"; sourceTree = BUILT_PRODUCTS_DIR; };
		671AEAC021217F20006D54AA /* ________1Tests.m */ = {isa = PBXFileReference; lastKnownFileType = sourcecode.c.objc; path = "________1Tests.m"; sourceTree = "<group>"; };
		671AEAC221217F20006D54AA /* Info.plist */ = {isa = PBXFileReference; lastKnownFileType = text.plist.xml; path = Info.plist; sourceTree = "<group>"; };
		671AEAC721217F20006D54AA /* 天气预报 正式 1UITests.xctest */ = {isa = PBXFileReference; explicitFileType = wrapper.cfbundle; includeInIndex = 0; path = "天气预报 正式 1UITests.xctest"; sourceTree = BUILT_PRODUCTS_DIR; };
		671AEACB21217F20006D54AA /* ________1UITests.m */ = {isa = PBXFileReference; lastKnownFileType = sourcecode.c.objc; path = "________1UITests.m"; sourceTree = "<group>"; };
		671AEACD21217F20006D54AA /* Info.plist */ = {isa = PBXFileReference; lastKnownFileType = text.plist.xml; path = Info.plist; sourceTree = "<group>"; };
		671AEAD921219E66006D54AA /* 1.jpg */ = {isa = PBXFileReference; lastKnownFileType = image.jpeg; name = 1.jpg; path = "../../天气预报 图片/1.jpg"; sourceTree = "<group>"; };
		671AEADB2121AF09006D54AA /* 1.png */ = {isa = PBXFileReference; lastKnownFileType = image.png; name = 1.png; path = "../../天气预报 图片/1.png"; sourceTree = "<group>"; };
		671AEADD2121B7C1006D54AA /* searchViewController.h */ = {isa = PBXFileReference; lastKnownFileType = sourcecode.c.h; path = searchViewController.h; sourceTree = "<group>"; };
		671AEADE2121B7C1006D54AA /* searchViewController.m */ = {isa = PBXFileReference; lastKnownFileType = sourcecode.c.objc; path = searchViewController.m; sourceTree = "<group>"; };
		671AEB202121BEEA006D54AA /* 54,.png */ = {isa = PBXFileReference; lastKnownFileType = image.png; name = "54,.png"; path = "../../share图片/54,.png"; sourceTree = "<group>"; };
		67511677212289B00040B70B /* FirstCellWeatherViewController.h */ = {isa = PBXFileReference; lastKnownFileType = sourcecode.c.h; path = FirstCellWeatherViewController.h; sourceTree = "<group>"; };
		67511678212289B00040B70B /* FirstCellWeatherViewController.m */ = {isa = PBXFileReference; lastKnownFileType = sourcecode.c.objc; path = FirstCellWeatherViewController.m; sourceTree = "<group>"; };
		6751167B2122C6B40040B70B /* 4.jpg */ = {isa = PBXFileReference; lastKnownFileType = image.jpeg; name = 4.jpg; path = "../../天气预报 图片/4.jpg"; sourceTree = "<group>"; };
		6751167C2122C6B40040B70B /* 2.jpg */ = {isa = PBXFileReference; lastKnownFileType = image.jpeg; name = 2.jpg; path = "../../天气预报 图片/2.jpg"; sourceTree = "<group>"; };
		6751167D2122C6B40040B70B /* 3.jpg */ = {isa = PBXFileReference; lastKnownFileType = image.jpeg; name = 3.jpg; path = "../../天气预报 图片/3.jpg"; sourceTree = "<group>"; };
		6751167E2122C6B40040B70B /* 5.jpg */ = {isa = PBXFileReference; lastKnownFileType = image.jpeg; name = 5.jpg; path = "../../天气预报 图片/5.jpg"; sourceTree = "<group>"; };
		675116832122F8A60040B70B /* MainViewController.h */ = {isa = PBXFileReference; lastKnownFileType = sourcecode.c.h; path = MainViewController.h; sourceTree = "<group>"; };
		675116842122F8A60040B70B /* MainViewController.m */ = {isa = PBXFileReference; lastKnownFileType = sourcecode.c.objc; path = MainViewController.m; sourceTree = "<group>"; };
		6752ADA221245FD60096E524 /* cond-icon-heweather */ = {isa = PBXFileReference; lastKnownFileType = folder; name = "cond-icon-heweather"; path = "../../../Downloads/cond-icon-heweather"; sourceTree = "<group>"; };
/* End PBXFileReference section */

/* Begin PBXFrameworksBuildPhase section */
		671AEAA121217F20006D54AA /* Frameworks */ = {
			isa = PBXFrameworksBuildPhase;
			buildActionMask = 2147483647;
			files = (
			);
			runOnlyForDeploymentPostprocessing = 0;
		};
		671AEAB921217F20006D54AA /* Frameworks */ = {
			isa = PBXFrameworksBuildPhase;
			buildActionMask = 2147483647;
			files = (
			);
			runOnlyForDeploymentPostprocessing = 0;
		};
		671AEAC421217F20006D54AA /* Frameworks */ = {
			isa = PBXFrameworksBuildPhase;
			buildActionMask = 2147483647;
			files = (
			);
			runOnlyForDeploymentPostprocessing = 0;
		};
/* End PBXFrameworksBuildPhase section */

/* Begin PBXGroup section */
		671AEA9B21217F20006D54AA = {
			isa = PBXGroup;
			children = (
				6751167A2122B0250040B70B /* 第一个界面预报 */,
				671AEAA621217F20006D54AA /* 天气预报 正式 1 */,
				671AEABF21217F20006D54AA /* 天气预报 正式 1Tests */,
				671AEACA21217F20006D54AA /* 天气预报 正式 1UITests */,
				671AEAA521217F20006D54AA /* Products */,
			);
			sourceTree = "<group>";
		};
		671AEAA521217F20006D54AA /* Products */ = {
			isa = PBXGroup;
			children = (
				671AEAA421217F20006D54AA /* 天气预报 正式 1.app */,
				671AEABC21217F20006D54AA /* 天气预报 正式 1Tests.xctest */,
				671AEAC721217F20006D54AA /* 天气预报 正式 1UITests.xctest */,
			);
			name = Products;
			sourceTree = "<group>";
		};
		671AEAA621217F20006D54AA /* 天气预报 正式 1 */ = {
			isa = PBXGroup;
			children = (
				6752ADA221245FD60096E524 /* cond-icon-heweather */,
				6751167C2122C6B40040B70B /* 2.jpg */,
				6751167D2122C6B40040B70B /* 3.jpg */,
				6751167B2122C6B40040B70B /* 4.jpg */,
				6751167E2122C6B40040B70B /* 5.jpg */,
				671AEB202121BEEA006D54AA /* 54,.png */,
				671AEADB2121AF09006D54AA /* 1.png */,
				671AEAD921219E66006D54AA /* 1.jpg */,
				671AEAA721217F20006D54AA /* AppDelegate.h */,
				671AEAA821217F20006D54AA /* AppDelegate.m */,
				671AEAAA21217F20006D54AA /* ViewController.h */,
				671AEAAB21217F20006D54AA /* ViewController.m */,
				671AEAAD21217F20006D54AA /* Main.storyboard */,
				671AEAB021217F20006D54AA /* Assets.xcassets */,
				671AEAB221217F20006D54AA /* LaunchScreen.storyboard */,
				671AEAB521217F20006D54AA /* Info.plist */,
				671AEAB621217F20006D54AA /* main.m */,
				671AEADD2121B7C1006D54AA /* searchViewController.h */,
				671AEADE2121B7C1006D54AA /* searchViewController.m */,
				67511677212289B00040B70B /* FirstCellWeatherViewController.h */,
				67511678212289B00040B70B /* FirstCellWeatherViewController.m */,
				675116832122F8A60040B70B /* MainViewController.h */,
				675116842122F8A60040B70B /* MainViewController.m */,
				6715123B2123008500B08323 /* JPXFirstUIView.h */,
				6715123C2123008500B08323 /* JPXFirstUIView.m */,
				6715124121230E2600B08323 /* JPXSecondUIView.h */,
				6715124221230E2600B08323 /* JPXSecondUIView.m */,
			);
			path = "天气预报 正式 1";
			sourceTree = "<group>";
		};
		671AEABF21217F20006D54AA /* 天气预报 正式 1Tests */ = {
			isa = PBXGroup;
			children = (
				671AEAC021217F20006D54AA /* ________1Tests.m */,
				671AEAC221217F20006D54AA /* Info.plist */,
			);
			path = "天气预报 正式 1Tests";
			sourceTree = "<group>";
		};
		671AEACA21217F20006D54AA /* 天气预报 正式 1UITests */ = {
			isa = PBXGroup;
			children = (
				671AEACB21217F20006D54AA /* ________1UITests.m */,
				671AEACD21217F20006D54AA /* Info.plist */,
			);
			path = "天气预报 正式 1UITests";
			sourceTree = "<group>";
		};
		6751167A2122B0250040B70B /* 第一个界面预报 */ = {
			isa = PBXGroup;
			children = (
			);
			path = "第一个界面预报";
			sourceTree = "<group>";
		};
/* End PBXGroup section */

/* Begin PBXNativeTarget section */
		671AEAA321217F20006D54AA /* 天气预报 正式 1 */ = {
			isa = PBXNativeTarget;
			buildConfigurationList = 671AEAD021217F20006D54AA /* Build configuration list for PBXNativeTarget "天气预报 正式 1" */;
			buildPhases = (
				671AEAA021217F20006D54AA /* Sources */,
				671AEAA121217F20006D54AA /* Frameworks */,
				671AEAA221217F20006D54AA /* Resources */,
			);
			buildRules = (
			);
			dependencies = (
			);
			name = "天气预报 正式 1";
			productName = "天气预报 正式 1";
			productReference = 671AEAA421217F20006D54AA /* 天气预报 正式 1.app */;
			productType = "com.apple.product-type.application";
		};
		671AEABB21217F20006D54AA /* 天气预报 正式 1Tests */ = {
			isa = PBXNativeTarget;
			buildConfigurationList = 671AEAD321217F20006D54AA /* Build configuration list for PBXNativeTarget "天气预报 正式 1Tests" */;
			buildPhases = (
				671AEAB821217F20006D54AA /* Sources */,
				671AEAB921217F20006D54AA /* Frameworks */,
				671AEABA21217F20006D54AA /* Resources */,
			);
			buildRules = (
			);
			dependencies = (
				671AEABE21217F20006D54AA /* PBXTargetDependency */,
			);
			name = "天气预报 正式 1Tests";
			productName = "天气预报 正式 1Tests";
			productReference = 671AEABC21217F20006D54AA /* 天气预报 正式 1Tests.xctest */;
			productType = "com.apple.product-type.bundle.unit-test";
		};
		671AEAC621217F20006D54AA /* 天气预报 正式 1UITests */ = {
			isa = PBXNativeTarget;
			buildConfigurationList = 671AEAD621217F20006D54AA /* Build configuration list for PBXNativeTarget "天气预报 正式 1UITests" */;
			buildPhases = (
				671AEAC321217F20006D54AA /* Sources */,
				671AEAC421217F20006D54AA /* Frameworks */,
				671AEAC521217F20006D54AA /* Resources */,
			);
			buildRules = (
			);
			dependencies = (
				671AEAC921217F20006D54AA /* PBXTargetDependency */,
			);
			name = "天气预报 正式 1UITests";
			productName = "天气预报 正式 1UITests";
			productReference = 671AEAC721217F20006D54AA /* 天气预报 正式 1UITests.xctest */;
			productType = "com.apple.product-type.bundle.ui-testing";
		};
/* End PBXNativeTarget section */

/* Begin PBXProject section */
		671AEA9C21217F20006D54AA /* Project object */ = {
			isa = PBXProject;
			attributes = {
				LastUpgradeCheck = 0900;
				ORGANIZATIONNAME = "萨缪";
				TargetAttributes = {
					671AEAA321217F20006D54AA = {
						CreatedOnToolsVersion = 9.0;
						ProvisioningStyle = Automatic;
					};
					671AEABB21217F20006D54AA = {
						CreatedOnToolsVersion = 9.0;
						ProvisioningStyle = Automatic;
						TestTargetID = 671AEAA321217F20006D54AA;
					};
					671AEAC621217F20006D54AA = {
						CreatedOnToolsVersion = 9.0;
						ProvisioningStyle = Automatic;
						TestTargetID = 671AEAA321217F20006D54AA;
					};
				};
			};
			buildConfigurationList = 671AEA9F21217F20006D54AA /* Build configuration list for PBXProject "天气预报 正式 1" */;
			compatibilityVersion = "Xcode 8.0";
			developmentRegion = en;
			hasScannedForEncodings = 0;
			knownRegions = (
				en,
				Base,
			);
			mainGroup = 671AEA9B21217F20006D54AA;
			productRefGroup = 671AEAA521217F20006D54AA /* Products */;
			projectDirPath = "";
			projectRoot = "";
			targets = (
				671AEAA321217F20006D54AA /* 天气预报 正式 1 */,
				671AEABB21217F20006D54AA /* 天气预报 正式 1Tests */,
				671AEAC621217F20006D54AA /* 天气预报 正式 1UITests */,
			);
		};
/* End PBXProject section */

/* Begin PBXResourcesBuildPhase section */
		671AEAA221217F20006D54AA /* Resources */ = {
			isa = PBXResourcesBuildPhase;
			buildActionMask = 2147483647;
			files = (
				675116812122C6B50040B70B /* 3.jpg in Resources */,
				675116822122C6B50040B70B /* 5.jpg in Resources */,
				671AEAB421217F20006D54AA /* LaunchScreen.storyboard in Resources */,
				6751167F2122C6B50040B70B /* 4.jpg in Resources */,
				6752ADA321245FD70096E524 /* cond-icon-heweather in Resources */,
				671AEADA21219E67006D54AA /* 1.jpg in Resources */,
				671AEAB121217F20006D54AA /* Assets.xcassets in Resources */,
				671AEB212121BEEB006D54AA /* 54,.png in Resources */,
				671AEAAF21217F20006D54AA /* Main.storyboard in Resources */,
				675116802122C6B50040B70B /* 2.jpg in Resources */,
				671AEADC2121AF0A006D54AA /* 1.png in Resources */,
			);
			runOnlyForDeploymentPostprocessing = 0;
		};
		671AEABA21217F20006D54AA /* Resources */ = {
			isa = PBXResourcesBuildPhase;
			buildActionMask = 2147483647;
			files = (
			);
			runOnlyForDeploymentPostprocessing = 0;
		};
		671AEAC521217F20006D54AA /* Resources */ = {
			isa = PBXResourcesBuildPhase;
			buildActionMask = 2147483647;
			files = (
			);
			runOnlyForDeploymentPostprocessing = 0;
		};
/* End PBXResourcesBuildPhase section */

/* Begin PBXSourcesBuildPhase section */
		671AEAA021217F20006D54AA /* Sources */ = {
			isa = PBXSourcesBuildPhase;
			buildActionMask = 2147483647;
			files = (
				671AEAAC21217F20006D54AA /* ViewController.m in Sources */,
				675116852122F8A60040B70B /* MainViewController.m in Sources */,
				67511679212289B00040B70B /* FirstCellWeatherViewController.m in Sources */,
				671AEAB721217F20006D54AA /* main.m in Sources */,
				6715124321230E2600B08323 /* JPXSecondUIView.m in Sources */,
				6715123D2123008500B08323 /* JPXFirstUIView.m in Sources */,
				671AEADF2121B7C1006D54AA /* searchViewController.m in Sources */,
				671AEAA921217F20006D54AA /* AppDelegate.m in Sources */,
			);
			runOnlyForDeploymentPostprocessing = 0;
		};
		671AEAB821217F20006D54AA /* Sources */ = {
			isa = PBXSourcesBuildPhase;
			buildActionMask = 2147483647;
			files = (
				671AEAC121217F20006D54AA /* ________1Tests.m in Sources */,
			);
			runOnlyForDeploymentPostprocessing = 0;
		};
		671AEAC321217F20006D54AA /* Sources */ = {
			isa = PBXSourcesBuildPhase;
			buildActionMask = 2147483647;
			files = (
				671AEACC21217F20006D54AA /* ________1UITests.m in Sources */,
			);
			runOnlyForDeploymentPostprocessing = 0;
		};
/* End PBXSourcesBuildPhase section */

/* Begin PBXTargetDependency section */
		671AEABE21217F20006D54AA /* PBXTargetDependency */ = {
			isa = PBXTargetDependency;
			target = 671AEAA321217F20006D54AA /* 天气预报 正式 1 */;
			targetProxy = 671AEABD21217F20006D54AA /* PBXContainerItemProxy */;
		};
		671AEAC921217F20006D54AA /* PBXTargetDependency */ = {
			isa = PBXTargetDependency;
			target = 671AEAA321217F20006D54AA /* 天气预报 正式 1 */;
			targetProxy = 671AEAC821217F20006D54AA /* PBXContainerItemProxy */;
		};
/* End PBXTargetDependency section */

/* Begin PBXVariantGroup section */
		671AEAAD21217F20006D54AA /* Main.storyboard */ = {
			isa = PBXVariantGroup;
			children = (
				671AEAAE21217F20006D54AA /* Base */,
			);
			name = Main.storyboard;
			sourceTree = "<group>";
		};
		671AEAB221217F20006D54AA /* LaunchScreen.storyboard */ = {
			isa = PBXVariantGroup;
			children = (
				671AEAB321217F20006D54AA /* Base */,
			);
			name = LaunchScreen.storyboard;
			sourceTree = "<group>";
		};
/* End PBXVariantGroup section */

/* Begin XCBuildConfiguration section */
		671AEACE21217F20006D54AA /* Debug */ = {
			isa = XCBuildConfiguration;
			buildSettings = {
				ALWAYS_SEARCH_USER_PATHS = NO;
				CLANG_ANALYZER_NONNULL = YES;
				CLANG_ANALYZER_NUMBER_OBJECT_CONVERSION = YES_AGGRESSIVE;
				CLANG_CXX_LANGUAGE_STANDARD = "gnu++14";
				CLANG_CXX_LIBRARY = "libc++";
				CLANG_ENABLE_MODULES = YES;
				CLANG_ENABLE_OBJC_ARC = YES;
				CLANG_WARN_BLOCK_CAPTURE_AUTORELEASING = YES;
				CLANG_WARN_BOOL_CONVERSION = YES;
				CLANG_WARN_COMMA = YES;
				CLANG_WARN_CONSTANT_CONVERSION = YES;
				CLANG_WARN_DIRECT_OBJC_ISA_USAGE = YES_ERROR;
				CLANG_WARN_DOCUMENTATION_COMMENTS = YES;
				CLANG_WARN_EMPTY_BODY = YES;
				CLANG_WARN_ENUM_CONVERSION = YES;
				CLANG_WARN_INFINITE_RECURSION = YES;
				CLANG_WARN_INT_CONVERSION = YES;
				CLANG_WARN_NON_LITERAL_NULL_CONVERSION = YES;
				CLANG_WARN_OBJC_LITERAL_CONVERSION = YES;
				CLANG_WARN_OBJC_ROOT_CLASS = YES_ERROR;
				CLANG_WARN_RANGE_LOOP_ANALYSIS = YES;
				CLANG_WARN_STRICT_PROTOTYPES = YES;
				CLANG_WARN_SUSPICIOUS_MOVE = YES;
				CLANG_WARN_UNGUARDED_AVAILABILITY = YES_AGGRESSIVE;
				CLANG_WARN_UNREACHABLE_CODE = YES;
				CLANG_WARN__DUPLICATE_METHOD_MATCH = YES;
				CODE_SIGN_IDENTITY = "iPhone Developer";
				COPY_PHASE_STRIP = NO;
				DEBUG_INFORMATION_FORMAT = dwarf;
				ENABLE_STRICT_OBJC_MSGSEND = YES;
				ENABLE_TESTABILITY = YES;
				GCC_C_LANGUAGE_STANDARD = gnu11;
				GCC_DYNAMIC_NO_PIC = NO;
				GCC_NO_COMMON_BLOCKS = YES;
				GCC_OPTIMIZATION_LEVEL = 0;
				GCC_PREPROCESSOR_DEFINITIONS = (
					"DEBUG=1",
					"$(inherited)",
				);
				GCC_WARN_64_TO_32_BIT_CONVERSION = YES;
				GCC_WARN_ABOUT_RETURN_TYPE = YES_ERROR;
				GCC_WARN_UNDECLARED_SELECTOR = YES;
				GCC_WARN_UNINITIALIZED_AUTOS = YES_AGGRESSIVE;
				GCC_WARN_UNUSED_FUNCTION = YES;
				GCC_WARN_UNUSED_VARIABLE = YES;
				IPHONEOS_DEPLOYMENT_TARGET = 11.0;
				MTL_ENABLE_DEBUG_INFO = YES;
				ONLY_ACTIVE_ARCH = YES;
				SDKROOT = iphoneos;
			};
			name = Debug;
		};
		671AEACF21217F20006D54AA /* Release */ = {
			isa = XCBuildConfiguration;
			buildSettings = {
				ALWAYS_SEARCH_USER_PATHS = NO;
				CLANG_ANALYZER_NONNULL = YES;
				CLANG_ANALYZER_NUMBER_OBJECT_CONVERSION = YES_AGGRESSIVE;
				CLANG_CXX_LANGUAGE_STANDARD = "gnu++14";
				CLANG_CXX_LIBRARY = "libc++";
				CLANG_ENABLE_MODULES = YES;
				CLANG_ENABLE_OBJC_ARC = YES;
				CLANG_WARN_BLOCK_CAPTURE_AUTORELEASING = YES;
				CLANG_WARN_BOOL_CONVERSION = YES;
				CLANG_WARN_COMMA = YES;
				CLANG_WARN_CONSTANT_CONVERSION = YES;
				CLANG_WARN_DIRECT_OBJC_ISA_USAGE = YES_ERROR;
				CLANG_WARN_DOCUMENTATION_COMMENTS = YES;
				CLANG_WARN_EMPTY_BODY = YES;
				CLANG_WARN_ENUM_CONVERSION = YES;
				CLANG_WARN_INFINITE_RECURSION = YES;
				CLANG_WARN_INT_CONVERSION = YES;
				CLANG_WARN_NON_LITERAL_NULL_CONVERSION = YES;
				CLANG_WARN_OBJC_LITERAL_CONVERSION = YES;
				CLANG_WARN_OBJC_ROOT_CLASS = YES_ERROR;
				CLANG_WARN_RANGE_LOOP_ANALYSIS = YES;
				CLANG_WARN_STRICT_PROTOTYPES = YES;
				CLANG_WARN_SUSPICIOUS_MOVE = YES;
				CLANG_WARN_UNGUARDED_AVAILABILITY = YES_AGGRESSIVE;
				CLANG_WARN_UNREACHABLE_CODE = YES;
				CLANG_WARN__DUPLICATE_METHOD_MATCH = YES;
				CODE_SIGN_IDENTITY = "iPhone Developer";
				COPY_PHASE_STRIP = NO;
				DEBUG_INFORMATION_FORMAT = "dwarf-with-dsym";
				ENABLE_NS_ASSERTIONS = NO;
				ENABLE_STRICT_OBJC_MSGSEND = YES;
				GCC_C_LANGUAGE_STANDARD = gnu11;
				GCC_NO_COMMON_BLOCKS = YES;
				GCC_WARN_64_TO_32_BIT_CONVERSION = YES;
				GCC_WARN_ABOUT_RETURN_TYPE = YES_ERROR;
				GCC_WARN_UNDECLARED_SELECTOR = YES;
				GCC_WARN_UNINITIALIZED_AUTOS = YES_AGGRESSIVE;
				GCC_WARN_UNUSED_FUNCTION = YES;
				GCC_WARN_UNUSED_VARIABLE = YES;
				IPHONEOS_DEPLOYMENT_TARGET = 11.0;
				MTL_ENABLE_DEBUG_INFO = NO;
				SDKROOT = iphoneos;
				VALIDATE_PRODUCT = YES;
			};
			name = Release;
		};
		671AEAD121217F20006D54AA /* Debug */ = {
			isa = XCBuildConfiguration;
			buildSettings = {
				ASSETCATALOG_COMPILER_APPICON_NAME = AppIcon;
				CODE_SIGN_STYLE = Automatic;
				INFOPLIST_FILE = "天气预报 正式 1/Info.plist";
				LD_RUNPATH_SEARCH_PATHS = "$(inherited) @executable_path/Frameworks";
				PRODUCT_BUNDLE_IDENTIFIER = "fist.--------1";
				PRODUCT_NAME = "$(TARGET_NAME)";
				TARGETED_DEVICE_FAMILY = "1,2";
			};
			name = Debug;
		};
		671AEAD221217F20006D54AA /* Release */ = {
			isa = XCBuildConfiguration;
			buildSettings = {
				ASSETCATALOG_COMPILER_APPICON_NAME = AppIcon;
				CODE_SIGN_STYLE = Automatic;
				INFOPLIST_FILE = "天气预报 正式 1/Info.plist";
				LD_RUNPATH_SEARCH_PATHS = "$(inherited) @executable_path/Frameworks";
				PRODUCT_BUNDLE_IDENTIFIER = "fist.--------1";
				PRODUCT_NAME = "$(TARGET_NAME)";
				TARGETED_DEVICE_FAMILY = "1,2";
			};
			name = Release;
		};
		671AEAD421217F20006D54AA /* Debug */ = {
			isa = XCBuildConfiguration;
			buildSettings = {
				BUNDLE_LOADER = "$(TEST_HOST)";
				CODE_SIGN_STYLE = Automatic;
				INFOPLIST_FILE = "天气预报 正式 1Tests/Info.plist";
				LD_RUNPATH_SEARCH_PATHS = "$(inherited) @executable_path/Frameworks @loader_path/Frameworks";
				PRODUCT_BUNDLE_IDENTIFIER = "fist.--------1Tests";
				PRODUCT_NAME = "$(TARGET_NAME)";
				TARGETED_DEVICE_FAMILY = "1,2";
				TEST_HOST = "$(BUILT_PRODUCTS_DIR)/天气预报 正式 1.app/天气预报 正式 1";
			};
			name = Debug;
		};
		671AEAD521217F20006D54AA /* Release */ = {
			isa = XCBuildConfiguration;
			buildSettings = {
				BUNDLE_LOADER = "$(TEST_HOST)";
				CODE_SIGN_STYLE = Automatic;
				INFOPLIST_FILE = "天气预报 正式 1Tests/Info.plist";
				LD_RUNPATH_SEARCH_PATHS = "$(inherited) @executable_path/Frameworks @loader_path/Frameworks";
				PRODUCT_BUNDLE_IDENTIFIER = "fist.--------1Tests";
				PRODUCT_NAME = "$(TARGET_NAME)";
				TARGETED_DEVICE_FAMILY = "1,2";
				TEST_HOST = "$(BUILT_PRODUCTS_DIR)/天气预报 正式 1.app/天气预报 正式 1";
			};
			name = Release;
		};
		671AEAD721217F20006D54AA /* Debug */ = {
			isa = XCBuildConfiguration;
			buildSettings = {
				CODE_SIGN_STYLE = Automatic;
				INFOPLIST_FILE = "天气预报 正式 1UITests/Info.plist";
				LD_RUNPATH_SEARCH_PATHS = "$(inherited) @executable_path/Frameworks @loader_path/Frameworks";
				PRODUCT_BUNDLE_IDENTIFIER = "fist.--------1UITests";
				PRODUCT_NAME = "$(TARGET_NAME)";
				TARGETED_DEVICE_FAMILY = "1,2";
				TEST_TARGET_NAME = "天气预报 正式 1";
			};
			name = Debug;
		};
		671AEAD821217F20006D54AA /* Release */ = {
			isa = XCBuildConfiguration;
			buildSettings = {
				CODE_SIGN_STYLE = Automatic;
				INFOPLIST_FILE = "天气预报 正式 1UITests/Info.plist";
				LD_RUNPATH_SEARCH_PATHS = "$(inherited) @executable_path/Frameworks @loader_path/Frameworks";
				PRODUCT_BUNDLE_IDENTIFIER = "fist.--------1UITests";
				PRODUCT_NAME = "$(TARGET_NAME)";
				TARGETED_DEVICE_FAMILY = "1,2";
				TEST_TARGET_NAME = "天气预报 正式 1";
			};
			name = Release;
		};
/* End XCBuildConfiguration section */

/* Begin XCConfigurationList section */
		671AEA9F21217F20006D54AA /* Build configuration list for PBXProject "天气预报 正式 1" */ = {
			isa = XCConfigurationList;
			buildConfigurations = (
				671AEACE21217F20006D54AA /* Debug */,
				671AEACF21217F20006D54AA /* Release */,
			);
			defaultConfigurationIsVisible = 0;
			defaultConfigurationName = Release;
		};
		671AEAD021217F20006D54AA /* Build configuration list for PBXNativeTarget "天气预报 正式 1" */ = {
			isa = XCConfigurationList;
			buildConfigurations = (
				671AEAD121217F20006D54AA /* Debug */,
				671AEAD221217F20006D54AA /* Release */,
			);
			defaultConfigurationIsVisible = 0;
			defaultConfigurationName = Release;
		};
		671AEAD321217F20006D54AA /* Build configuration list for PBXNativeTarget "天气预报 正式 1Tests" */ = {
			isa = XCConfigurationList;
			buildConfigurations = (
				671AEAD421217F20006D54AA /* Debug */,
				671AEAD521217F20006D54AA /* Release */,
			);
			defaultConfigurationIsVisible = 0;
			defaultConfigurationName = Release;
		};
		671AEAD621217F20006D54AA /* Build configuration list for PBXNativeTarget "天气预报 正式 1UITests" */ = {
			isa = XCConfigurationList;
			buildConfigurations = (
				671AEAD721217F20006D54AA /* Debug */,
				671AEAD821217F20006D54AA /* Release */,
			);
			defaultConfigurationIsVisible = 0;
			defaultConfigurationName = Release;
		};
/* End XCConfigurationList section */
	};
	rootObject = 671AEA9C21217F20006D54AA /* Project object */;
}
